// !$*UTF8*$!
{
	archiveVersion = 1;
	classes = {
	};
	objectVersion = 50;
	objects = {

/* Begin PBXFileReference section */
		5480D8812647408400BE6404 /* victoria-bush.json */ = {isa = PBXFileReference; lastKnownFileType = text.json; path = "victoria-bush.json"; sourceTree = "<group>"; };
		81C150F526459B3B009D5AC6 /* scott-berry-tree.json */ = {isa = PBXFileReference; lastKnownFileType = text.json; path = "scott-berry-tree.json"; sourceTree = "<group>"; };
		81C150F626459BE9009D5AC6 /* gordon-basic-branching-tree.json */ = {isa = PBXFileReference; lastKnownFileType = text.json; path = "gordon-basic-branching-tree.json"; sourceTree = "<group>"; };
		8AD3FF97264946BB003F1882 /* james-devil-fingers.json */ = {isa = PBXFileReference; lastKnownFileType = text.json; path = "james-devil-fingers.json"; sourceTree = "<group>"; };
		9C968BDE264877E000A64FA3 /* sihan-tree.json */ = {isa = PBXFileReference; lastKnownFileType = text.json; path = "sihan-tree.json"; sourceTree = "<group>"; };
		CB0C792D2645C2D9000C5B05 /* aidan-berry-bush.json */ = {isa = PBXFileReference; lastKnownFileType = text.json; path = "aidan-berry-bush.json"; sourceTree = "<group>"; };
/* End PBXFileReference section */

/* Begin PBXGroup section */
		81C150EE26459B26009D5AC6 = {
			isa = PBXGroup;
			children = (
				8AD3FF97264946BB003F1882 /* james-devil-fingers.json */,
				9C968BDE264877E000A64FA3 /* sihan-tree.json */,
				5480D8812647408400BE6404 /* victoria-bush.json */,
				CB0C792D2645C2D9000C5B05 /* aidan-berry-bush.json */,
				81C150F626459BE9009D5AC6 /* gordon-basic-branching-tree.json */,
				81C150F526459B3B009D5AC6 /* scott-berry-tree.json */,
			);
			sourceTree = "<group>";
		};
/* End PBXGroup section */

/* Begin PBXProject section */
		81C150EF26459B26009D5AC6 /* Project object */ = {
			isa = PBXProject;
			attributes = {
				LastUpgradeCheck = 1240;
			};
			buildConfigurationList = 81C150F226459B26009D5AC6 /* Build configuration list for PBXProject "LindenmayerSystemCatalog" */;
			compatibilityVersion = "Xcode 9.3";
			developmentRegion = en;
			hasScannedForEncodings = 0;
			knownRegions = (
				en,
				Base,
			);
			mainGroup = 81C150EE26459B26009D5AC6;
			projectDirPath = "";
			projectRoot = "";
			targets = (
			);
		};
/* End PBXProject section */

/* Begin XCBuildConfiguration section */
		81C150F326459B26009D5AC6 /* Debug */ = {
			isa = XCBuildConfiguration;
			buildSettings = {
			};
			name = Debug;
		};
		81C150F426459B26009D5AC6 /* Release */ = {
			isa = XCBuildConfiguration;
			buildSettings = {
			};
			name = Release;
		};
/* End XCBuildConfiguration section */

/* Begin XCConfigurationList section */
		81C150F226459B26009D5AC6 /* Build configuration list for PBXProject "LindenmayerSystemCatalog" */ = {
			isa = XCConfigurationList;
			buildConfigurations = (
				81C150F326459B26009D5AC6 /* Debug */,
				81C150F426459B26009D5AC6 /* Release */,
			);
			defaultConfigurationIsVisible = 0;
			defaultConfigurationName = Release;
		};
/* End XCConfigurationList section */
	};
	rootObject = 81C150EF26459B26009D5AC6 /* Project object */;
}
